
Microsoft Visual Studio Solution File, Format Version 12.00
# Visual Studio Version 17
VisualStudioVersion = 17.7.34024.191
MinimumVisualStudioVersion = 10.0.40219.1
Project("{FAE04EC0-301F-11D3-BF4B-00C04F79EFBC}") = "ChatrBox", "ChatrBox\ChatrBox.csproj", "{1DE9CABD-DD34-49C1-BD1C-02D99652FD7F}"
EndProject
Global
	GlobalSection(SolutionConfigurationPlatforms) = preSolution
		Debug|Any CPU = Debug|Any CPU
		Release|Any CPU = Release|Any CPU
	EndGlobalSection
	GlobalSection(ProjectConfigurationPlatforms) = postSolution
		{1DE9CABD-DD34-49C1-BD1C-02D99652FD7F}.Debug|Any CPU.ActiveCfg = Debug|Any CPU
		{1DE9CABD-DD34-49C1-BD1C-02D99652FD7F}.Debug|Any CPU.Build.0 = Debug|Any CPU
		{1DE9CABD-DD34-49C1-BD1C-02D99652FD7F}.Release|Any CPU.ActiveCfg = Release|Any CPU
		{1DE9CABD-DD34-49C1-BD1C-02D99652FD7F}.Release|Any CPU.Build.0 = Release|Any CPU
	EndGlobalSection
	GlobalSection(SolutionProperties) = preSolution
		HideSolutionNode = FALSE
	EndGlobalSection
	GlobalSection(ExtensibilityGlobals) = postSolution
		SolutionGuid = {A11568C5-8BAB-4086-BCAE-5AEF4D4B95DA}
	EndGlobalSection
EndGlobal
